<?xml version="1.0" encoding="utf-8"?>
<Project ToolsVersion="4.0" xmlns="http://schemas.microsoft.com/developer/msbuild/2003">
  <ItemGroup>
    <Filter Include="Source Files">
      <UniqueIdentifier>{22e0f91e-6dcd-48a0-b606-5e7cbbfe7fda}</UniqueIdentifier>
      <Extensions>cpp;c;cxx;rc;def;r;odl;idl;hpj;bat</Extensions>
    </Filter>
    <Filter Include="Header Files">
      <UniqueIdentifier>{249fd1a2-ab7d-4d24-b721-36302c50de75}</UniqueIdentifier>
      <Extensions>h;hpp;hxx;hm;inl</Extensions>
    </Filter>
    <Filter Include="Resource Files">
      <UniqueIdentifier>{a8b12b22-b883-4681-8d1b-0ff027b5e394}</UniqueIdentifier>
      <Extensions>ico;cur;bmp;dlg;rc2;rct;bin;rgs;gif;jpg;jpeg;jpe</Extensions>
    </Filter>
  </ItemGroup>
  <ItemGroup>
    <ClCompile Include="usb\AmdEz3FlashBase.cpp">
      <Filter>Source Files</Filter>
    </ClCompile>
    <ClCompile Include="mars\blowfish.cpp">
      <Filter>Source Files</Filter>
    </ClCompile>
    <ClCompile Include="bmp.cpp">
      <Filter>Source Files</Filter>
    </ClCompile>
    <ClCompile Include="chtfileinfo.cpp">
      <Filter>Source Files</Filter>
    </ClCompile>
    <ClCompile Include="DirListCtrl.cpp">
      <Filter>Source Files</Filter>
    </ClCompile>
    <ClCompile Include="DirTreeCtrl.cpp">
      <Filter>Source Files</Filter>
    </ClCompile>
    <ClCompile Include="DiskCtrl.cpp">
      <Filter>Source Files</Filter>
    </ClCompile>
    <ClCompile Include="DlgLanguageSelect.cpp">
      <Filter>Source Files</Filter>
    </ClCompile>
    <ClCompile Include="DlgNandFormat.cpp">
      <Filter>Source Files</Filter>
    </ClCompile>
    <ClCompile Include="DlgOSSelect.cpp">
      <Filter>Source Files</Filter>
    </ClCompile>
    <ClCompile Include="fat16\ECC_Check.cpp">
      <Filter>Source Files</Filter>
    </ClCompile>
    <ClCompile Include="EfaCheat.cpp">
      <Filter>Source Files</Filter>
    </ClCompile>
    <ClCompile Include="usb\ezflashbase.cpp">
      <Filter>Source Files</Filter>
    </ClCompile>
    <ClCompile Include="EZListCtrl.cpp">
      <Filter>Source Files</Filter>
    </ClCompile>
    <ClCompile Include="fileini.cpp">
      <Filter>Source Files</Filter>
    </ClCompile>
    <ClCompile Include="fat16\FileSys.cpp">
      <Filter>Source Files</Filter>
    </ClCompile>
    <ClCompile Include="usb\FujiEZ3Flash1g.cpp">
      <Filter>Source Files</Filter>
    </ClCompile>
    <ClCompile Include="gamenameinfo.cpp">
      <Filter>Source Files</Filter>
    </ClCompile>
    <ClCompile Include="GB2Big5.cpp">
      <Filter>Source Files</Filter>
    </ClCompile>
    <ClCompile Include="goldencheat.cpp">
      <Filter>Source Files</Filter>
    </ClCompile>
    <ClCompile Include="Label.cpp">
      <Filter>Source Files</Filter>
    </ClCompile>
    <ClCompile Include="Lz77.cpp">
      <Filter>Source Files</Filter>
    </ClCompile>
    <ClCompile Include="MyOleDropTarget.cpp">
      <Filter>Source Files</Filter>
    </ClCompile>
    <ClCompile Include="New_EZManage.cpp">
      <Filter>Source Files</Filter>
    </ClCompile>
    <ClCompile Include="New_EZManageDlg.cpp">
      <Filter>Source Files</Filter>
    </ClCompile>
    <ClCompile Include="PageDisk.cpp">
      <Filter>Source Files</Filter>
    </ClCompile>
    <ClCompile Include="PageFlash.cpp">
      <Filter>Source Files</Filter>
    </ClCompile>
    <ClCompile Include="RomEditDlg.cpp">
      <Filter>Source Files</Filter>
    </ClCompile>
    <ClCompile Include="rommanager.cpp">
      <Filter>Source Files</Filter>
    </ClCompile>
    <ClCompile Include="ScrollLink.cpp">
      <Filter>Source Files</Filter>
    </ClCompile>
    <ClCompile Include="SortStringArray.cpp">
      <Filter>Source Files</Filter>
    </ClCompile>
    <ClCompile Include="StdAfx.cpp">
      <Filter>Source Files</Filter>
    </ClCompile>
    <ClCompile Include="TextProgressCtrl.cpp">
      <Filter>Source Files</Filter>
    </ClCompile>
    <ClCompile Include="XCodeFile.cpp">
      <Filter>Source Files</Filter>
    </ClCompile>
  </ItemGroup>
  <ItemGroup>
    <ResourceCompile Include="New_EZManage.rc">
      <Filter>Source Files</Filter>
    </ResourceCompile>
  </ItemGroup>
  <ItemGroup>
    <ClInclude Include="usb\AmdEz3FlashBase.h">
      <Filter>Header Files</Filter>
    </ClInclude>
    <ClInclude Include="big5_10.h">
      <Filter>Header Files</Filter>
    </ClInclude>
    <ClInclude Include="mars\blowfish.h">
      <Filter>Header Files</Filter>
    </ClInclude>
    <ClInclude Include="bmp.h">
      <Filter>Header Files</Filter>
    </ClInclude>
    <ClInclude Include="chtfileinfo.h">
      <Filter>Header Files</Filter>
    </ClInclude>
    <ClInclude Include="DirListCtrl.h">
      <Filter>Header Files</Filter>
    </ClInclude>
    <ClInclude Include="DirTreeCtrl.h">
      <Filter>Header Files</Filter>
    </ClInclude>
    <ClInclude Include="DiskCtrl.h">
      <Filter>Header Files</Filter>
    </ClInclude>
    <ClInclude Include="DlgLanguageSelect.h">
      <Filter>Header Files</Filter>
    </ClInclude>
    <ClInclude Include="DlgNandFormat.h">
      <Filter>Header Files</Filter>
    </ClInclude>
    <ClInclude Include="DlgOSSelect.h">
      <Filter>Header Files</Filter>
    </ClInclude>
    <ClInclude Include="fat16\ECC_Check.h">
      <Filter>Header Files</Filter>
    </ClInclude>
    <ClInclude Include="EfaCheat.h">
      <Filter>Header Files</Filter>
    </ClInclude>
    <ClInclude Include="usb\ezflashbase.h">
      <Filter>Header Files</Filter>
    </ClInclude>
    <ClInclude Include="EZListCtrl.h">
      <Filter>Header Files</Filter>
    </ClInclude>
    <ClInclude Include="usb\ezusbsys.h">
      <Filter>Header Files</Filter>
    </ClInclude>
    <ClInclude Include="fat16\fathead.h">
      <Filter>Header Files</Filter>
    </ClInclude>
    <ClInclude Include="fileini.h">
      <Filter>Header Files</Filter>
    </ClInclude>
    <ClInclude Include="fat16\FileSys.h">
      <Filter>Header Files</Filter>
    </ClInclude>
    <ClInclude Include="usb\FujiEZ3Flash1g.h">
      <Filter>Header Files</Filter>
    </ClInclude>
    <ClInclude Include="gamenameinfo.h">
      <Filter>Header Files</Filter>
    </ClInclude>
    <ClInclude Include="GB2Big5.h">
      <Filter>Header Files</Filter>
    </ClInclude>
    <ClInclude Include="gb_10.h">
      <Filter>Header Files</Filter>
    </ClInclude>
    <ClInclude Include="goldencheat.h">
      <Filter>Header Files</Filter>
    </ClInclude>
    <ClInclude Include="instance.h">
      <Filter>Header Files</Filter>
    </ClInclude>
    <ClInclude Include="Label.h">
      <Filter>Header Files</Filter>
    </ClInclude>
    <ClInclude Include="Lz77.h">
      <Filter>Header Files</Filter>
    </ClInclude>
    <ClInclude Include="MyOleDropTarget.h">
      <Filter>Header Files</Filter>
    </ClInclude>
    <ClInclude Include="New_EZManage.h">
      <Filter>Header Files</Filter>
    </ClInclude>
    <ClInclude Include="New_EZManageDlg.h">
      <Filter>Header Files</Filter>
    </ClInclude>
    <ClInclude Include="out.h">
      <Filter>Header Files</Filter>
    </ClInclude>
    <ClInclude Include="PageDisk.h">
      <Filter>Header Files</Filter>
    </ClInclude>
    <ClInclude Include="PageFlash.h">
      <Filter>Header Files</Filter>
    </ClInclude>
    <ClInclude Include="usb\patch.h">
      <Filter>Header Files</Filter>
    </ClInclude>
    <ClInclude Include="ResCvt.h">
      <Filter>Header Files</Filter>
    </ClInclude>
    <ClInclude Include="Resource.h">
      <Filter>Header Files</Filter>
    </ClInclude>
    <ClInclude Include="RomEditDlg.h">
      <Filter>Header Files</Filter>
    </ClInclude>
    <ClInclude Include="rommanager.h">
      <Filter>Header Files</Filter>
    </ClInclude>
    <ClInclude Include="ScrollLink.h">
      <Filter>Header Files</Filter>
    </ClInclude>
    <ClInclude Include="SortStringArray.h">
      <Filter>Header Files</Filter>
    </ClInclude>
    <ClInclude Include="StdAfx.h">
      <Filter>Header Files</Filter>
    </ClInclude>
    <ClInclude Include="TextProgressCtrl.h">
      <Filter>Header Files</Filter>
    </ClInclude>
    <ClInclude Include="XCodeFile.h">
      <Filter>Header Files</Filter>
    </ClInclude>
  </ItemGroup>
  <ItemGroup>
    <CustomBuild Include="arm9_47c.bin">
      <Filter>Resource Files</Filter>
    </CustomBuild>
    <CustomBuild Include="arm9_550.bin">
      <Filter>Resource Files</Filter>
    </CustomBuild>
    <CustomBuild Include="arm9_aac.bin">
      <Filter>Resource Files</Filter>
    </CustomBuild>
    <CustomBuild Include="res\icon1.ico">
      <Filter>Resource Files</Filter>
    </CustomBuild>
    <CustomBuild Include="res\listctrl.bmp">
      <Filter>Resource Files</Filter>
    </CustomBuild>
    <CustomBuild Include="res\New_EZManage.ico">
      <Filter>Resource Files</Filter>
    </CustomBuild>
    <CustomBuild Include="res\New_EZManage.rc2">
      <Filter>Resource Files</Filter>
    </CustomBuild>
    <CustomBuild Include="res\toolbar1.bmp">
      <Filter>Resource Files</Filter>
    </CustomBuild>
    <CustomBuild Include="langdata\china-simple.ini" />
    <CustomBuild Include="dada - final.ssk" />
    <CustomBuild Include="langdata\English.ini" />
    <CustomBuild Include="ReadMe.txt" />
  </ItemGroup>
</Project>